
Microsoft Visual Studio Solution File, Format Version 11.00
# Visual C# Express 2010
Project("{FAE04EC0-301F-11D3-BF4B-00C04F79EFBC}") = "Polihack", "Polihack\Polihack.csproj", "{277732F3-B882-4105-BF48-EF6E3C302698}"
EndProject
Global
	GlobalSection(SolutionConfigurationPlatforms) = preSolution
		Debug|x86 = Debug|x86
		Release|x86 = Release|x86
	EndGlobalSection
	GlobalSection(ProjectConfigurationPlatforms) = postSolution
		{277732F3-B882-4105-BF48-EF6E3C302698}.Debug|x86.ActiveCfg = Debug|x86
		{277732F3-B882-4105-BF48-EF6E3C302698}.Debug|x86.Build.0 = Debug|x86
		{277732F3-B882-4105-BF48-EF6E3C302698}.Release|x86.ActiveCfg = Release|x86
		{277732F3-B882-4105-BF48-EF6E3C302698}.Release|x86.Build.0 = Release|x86
	EndGlobalSection
	GlobalSection(SolutionProperties) = preSolution
		HideSolutionNode = FALSE
	EndGlobalSection
EndGlobal
